PODS:
  - MZRelationalCollectionController (1.2.3)

DEPENDENCIES:
  - MZRelationalCollectionController (from `../`)

EXTERNAL SOURCES:
  MZRelationalCollectionController:
    :path: "../"

SPEC CHECKSUMS:
  MZRelationalCollectionController: 75db57149873f30552fef19fc12af5883a395f56

COCOAPODS: 0.39.0
