PODS:
  - MZRelationalCollectionController (0.2.0)

DEPENDENCIES:
  - MZRelationalCollectionController (from `../`)

EXTERNAL SOURCES:
  MZRelationalCollectionController:
    :path: "../"

SPEC CHECKSUMS:
  MZRelationalCollectionController: 3046aacce012eac496567682dc5994c5822a1f4a

COCOAPODS: 0.37.1
