PODS:
  - MZRelationalCollectionController (0.0.2)

DEPENDENCIES:
  - MZRelationalCollectionController (from `../`)

EXTERNAL SOURCES:
  MZRelationalCollectionController:
    :path: "../"

SPEC CHECKSUMS:
  MZRelationalCollectionController: caf8901fbb0e1dc504d24d325a383eaef6cf7586

COCOAPODS: 0.36.3
