// !$*UTF8*$!
{
	archiveVersion = 1;
	classes = {
	};
	objectVersion = 46;
	objects = {

/* Begin PBXBuildFile section */
		405E7EE01C093943007C7A82 /* MZAlbumEditViewController.m in Sources */ = {isa = PBXBuildFile; fileRef = 405E7ED51C093943007C7A82 /* MZAlbumEditViewController.m */; };
		405E7EE11C093943007C7A82 /* MZAlbumTableViewController.m in Sources */ = {isa = PBXBuildFile; fileRef = 405E7ED71C093943007C7A82 /* MZAlbumTableViewController.m */; };
		405E7EE21C093943007C7A82 /* MZArtistEditViewController.m in Sources */ = {isa = PBXBuildFile; fileRef = 405E7ED91C093943007C7A82 /* MZArtistEditViewController.m */; };
		405E7EE31C093943007C7A82 /* MZArtistTableViewController.m in Sources */ = {isa = PBXBuildFile; fileRef = 405E7EDB1C093943007C7A82 /* MZArtistTableViewController.m */; };
		405E7EE41C093943007C7A82 /* MZCatalogueTableViewController.m in Sources */ = {isa = PBXBuildFile; fileRef = 405E7EDD1C093943007C7A82 /* MZCatalogueTableViewController.m */; };
		405E7EE51C093943007C7A82 /* MZTrackEditViewController.m in Sources */ = {isa = PBXBuildFile; fileRef = 405E7EDF1C093943007C7A82 /* MZTrackEditViewController.m */; };
		405E7EF01C093954007C7A82 /* Album.m in Sources */ = {isa = PBXBuildFile; fileRef = 405E7EE71C093954007C7A82 /* Album.m */; };
		405E7EF11C093954007C7A82 /* ArrayArtist.m in Sources */ = {isa = PBXBuildFile; fileRef = 405E7EE91C093954007C7A82 /* ArrayArtist.m */; };
		405E7EF21C093954007C7A82 /* Artist.m in Sources */ = {isa = PBXBuildFile; fileRef = 405E7EEB1C093954007C7A82 /* Artist.m */; };
		405E7EF31C093954007C7A82 /* Catalogue.m in Sources */ = {isa = PBXBuildFile; fileRef = 405E7EED1C093954007C7A82 /* Catalogue.m */; };
		405E7EF41C093954007C7A82 /* Song.m in Sources */ = {isa = PBXBuildFile; fileRef = 405E7EEF1C093954007C7A82 /* Song.m */; };
		405E7EF91C093990007C7A82 /* MZRelationalCollectionControllerArrayTest.m in Sources */ = {isa = PBXBuildFile; fileRef = 405E7EF51C093987007C7A82 /* MZRelationalCollectionControllerArrayTest.m */; };
		405E7EFA1C093990007C7A82 /* MZRelationalCollectionControllerTest.m in Sources */ = {isa = PBXBuildFile; fileRef = 405E7EF61C093987007C7A82 /* MZRelationalCollectionControllerTest.m */; };
		6003F58E195388D20070C39A /* Foundation.framework in Frameworks */ = {isa = PBXBuildFile; fileRef = 6003F58D195388D20070C39A /* Foundation.framework */; };
		6003F590195388D20070C39A /* CoreGraphics.framework in Frameworks */ = {isa = PBXBuildFile; fileRef = 6003F58F195388D20070C39A /* CoreGraphics.framework */; };
		6003F592195388D20070C39A /* UIKit.framework in Frameworks */ = {isa = PBXBuildFile; fileRef = 6003F591195388D20070C39A /* UIKit.framework */; };
		6003F598195388D20070C39A /* InfoPlist.strings in Resources */ = {isa = PBXBuildFile; fileRef = 6003F596195388D20070C39A /* InfoPlist.strings */; };
		6003F59A195388D20070C39A /* main.m in Sources */ = {isa = PBXBuildFile; fileRef = 6003F599195388D20070C39A /* main.m */; };
		6003F59E195388D20070C39A /* MZAppDelegate.m in Sources */ = {isa = PBXBuildFile; fileRef = 6003F59D195388D20070C39A /* MZAppDelegate.m */; };
		6003F5B0195388D20070C39A /* XCTest.framework in Frameworks */ = {isa = PBXBuildFile; fileRef = 6003F5AF195388D20070C39A /* XCTest.framework */; };
		6003F5B1195388D20070C39A /* Foundation.framework in Frameworks */ = {isa = PBXBuildFile; fileRef = 6003F58D195388D20070C39A /* Foundation.framework */; };
		6003F5B2195388D20070C39A /* UIKit.framework in Frameworks */ = {isa = PBXBuildFile; fileRef = 6003F591195388D20070C39A /* UIKit.framework */; };
		6003F5BA195388D20070C39A /* InfoPlist.strings in Resources */ = {isa = PBXBuildFile; fileRef = 6003F5B8195388D20070C39A /* InfoPlist.strings */; };
		703360CF5D5AD1192E6D04F0 /* Pods_MZRelationalCollectionController_Tests.framework in Frameworks */ = {isa = PBXBuildFile; fileRef = 7146E4A7F66E9BD4CABE2FF4 /* Pods_MZRelationalCollectionController_Tests.framework */; };
		873B8AEB1B1F5CCA007FD442 /* Main.storyboard in Resources */ = {isa = PBXBuildFile; fileRef = 873B8AEA1B1F5CCA007FD442 /* Main.storyboard */; };
		AF0D9EEA6841F53AA0990E3E /* Pods_MZRelationalCollectionController_Example.framework in Frameworks */ = {isa = PBXBuildFile; fileRef = B12D08854AC796B917C78912 /* Pods_MZRelationalCollectionController_Example.framework */; };
/* End PBXBuildFile section */

/* Begin PBXContainerItemProxy section */
		6003F5B3195388D20070C39A /* PBXContainerItemProxy */ = {
			isa = PBXContainerItemProxy;
			containerPortal = 6003F582195388D10070C39A /* Project object */;
			proxyType = 1;
			remoteGlobalIDString = 6003F589195388D20070C39A;
			remoteInfo = MZRelationalCollectionController;
		};
/* End PBXContainerItemProxy section */

/* Begin PBXFileReference section */
		0574C2FCD1DED6DC9F074CE4 /* Pods-MZRelationalCollectionController_Tests.release.xcconfig */ = {isa = PBXFileReference; includeInIndex = 1; lastKnownFileType = text.xcconfig; name = "Pods-MZRelationalCollectionController_Tests.release.xcconfig"; path = "Pods/Target Support Files/Pods-MZRelationalCollectionController_Tests/Pods-MZRelationalCollectionController_Tests.release.xcconfig"; sourceTree = "<group>"; };
		057980F266C82F2A61869204 /* Pods-MZRelationalCollectionController_Example.release.xcconfig */ = {isa = PBXFileReference; includeInIndex = 1; lastKnownFileType = text.xcconfig; name = "Pods-MZRelationalCollectionController_Example.release.xcconfig"; path = "Pods/Target Support Files/Pods-MZRelationalCollectionController_Example/Pods-MZRelationalCollectionController_Example.release.xcconfig"; sourceTree = "<group>"; };
		178A68AE123DF5C92F915E6C /* Pods-MZRelationalCollectionController_Tests.debug.xcconfig */ = {isa = PBXFileReference; includeInIndex = 1; lastKnownFileType = text.xcconfig; name = "Pods-MZRelationalCollectionController_Tests.debug.xcconfig"; path = "Pods/Target Support Files/Pods-MZRelationalCollectionController_Tests/Pods-MZRelationalCollectionController_Tests.debug.xcconfig"; sourceTree = "<group>"; };
		17B36385F072211F35406D17 /* Pods-MZRelationalCollectionController_Example.debug.xcconfig */ = {isa = PBXFileReference; includeInIndex = 1; lastKnownFileType = text.xcconfig; name = "Pods-MZRelationalCollectionController_Example.debug.xcconfig"; path = "Pods/Target Support Files/Pods-MZRelationalCollectionController_Example/Pods-MZRelationalCollectionController_Example.debug.xcconfig"; sourceTree = "<group>"; };
		2A587B5EB82D84CD6B3590CA /* README.md */ = {isa = PBXFileReference; includeInIndex = 1; lastKnownFileType = net.daringfireball.markdown; name = README.md; path = ../README.md; sourceTree = "<group>"; };
		405E7ED41C093943007C7A82 /* MZAlbumEditViewController.h */ = {isa = PBXFileReference; fileEncoding = 4; lastKnownFileType = sourcecode.c.h; path = MZAlbumEditViewController.h; sourceTree = "<group>"; };
		405E7ED51C093943007C7A82 /* MZAlbumEditViewController.m */ = {isa = PBXFileReference; fileEncoding = 4; lastKnownFileType = sourcecode.c.objc; path = MZAlbumEditViewController.m; sourceTree = "<group>"; };
		405E7ED61C093943007C7A82 /* MZAlbumTableViewController.h */ = {isa = PBXFileReference; fileEncoding = 4; lastKnownFileType = sourcecode.c.h; path = MZAlbumTableViewController.h; sourceTree = "<group>"; };
		405E7ED71C093943007C7A82 /* MZAlbumTableViewController.m */ = {isa = PBXFileReference; fileEncoding = 4; lastKnownFileType = sourcecode.c.objc; path = MZAlbumTableViewController.m; sourceTree = "<group>"; };
		405E7ED81C093943007C7A82 /* MZArtistEditViewController.h */ = {isa = PBXFileReference; fileEncoding = 4; lastKnownFileType = sourcecode.c.h; path = MZArtistEditViewController.h; sourceTree = "<group>"; };
		405E7ED91C093943007C7A82 /* MZArtistEditViewController.m */ = {isa = PBXFileReference; fileEncoding = 4; lastKnownFileType = sourcecode.c.objc; path = MZArtistEditViewController.m; sourceTree = "<group>"; };
		405E7EDA1C093943007C7A82 /* MZArtistTableViewController.h */ = {isa = PBXFileReference; fileEncoding = 4; lastKnownFileType = sourcecode.c.h; path = MZArtistTableViewController.h; sourceTree = "<group>"; };
		405E7EDB1C093943007C7A82 /* MZArtistTableViewController.m */ = {isa = PBXFileReference; fileEncoding = 4; lastKnownFileType = sourcecode.c.objc; path = MZArtistTableViewController.m; sourceTree = "<group>"; };
		405E7EDC1C093943007C7A82 /* MZCatalogueTableViewController.h */ = {isa = PBXFileReference; fileEncoding = 4; lastKnownFileType = sourcecode.c.h; path = MZCatalogueTableViewController.h; sourceTree = "<group>"; };
		405E7EDD1C093943007C7A82 /* MZCatalogueTableViewController.m */ = {isa = PBXFileReference; fileEncoding = 4; lastKnownFileType = sourcecode.c.objc; path = MZCatalogueTableViewController.m; sourceTree = "<group>"; };
		405E7EDE1C093943007C7A82 /* MZTrackEditViewController.h */ = {isa = PBXFileReference; fileEncoding = 4; lastKnownFileType = sourcecode.c.h; path = MZTrackEditViewController.h; sourceTree = "<group>"; };
		405E7EDF1C093943007C7A82 /* MZTrackEditViewController.m */ = {isa = PBXFileReference; fileEncoding = 4; lastKnownFileType = sourcecode.c.objc; path = MZTrackEditViewController.m; sourceTree = "<group>"; };
		405E7EE61C093954007C7A82 /* Album.h */ = {isa = PBXFileReference; fileEncoding = 4; lastKnownFileType = sourcecode.c.h; path = Album.h; sourceTree = "<group>"; };
		405E7EE71C093954007C7A82 /* Album.m */ = {isa = PBXFileReference; fileEncoding = 4; lastKnownFileType = sourcecode.c.objc; path = Album.m; sourceTree = "<group>"; };
		405E7EE81C093954007C7A82 /* ArrayArtist.h */ = {isa = PBXFileReference; fileEncoding = 4; lastKnownFileType = sourcecode.c.h; path = ArrayArtist.h; sourceTree = "<group>"; };
		405E7EE91C093954007C7A82 /* ArrayArtist.m */ = {isa = PBXFileReference; fileEncoding = 4; lastKnownFileType = sourcecode.c.objc; path = ArrayArtist.m; sourceTree = "<group>"; };
		405E7EEA1C093954007C7A82 /* Artist.h */ = {isa = PBXFileReference; fileEncoding = 4; lastKnownFileType = sourcecode.c.h; path = Artist.h; sourceTree = "<group>"; };
		405E7EEB1C093954007C7A82 /* Artist.m */ = {isa = PBXFileReference; fileEncoding = 4; lastKnownFileType = sourcecode.c.objc; path = Artist.m; sourceTree = "<group>"; };
		405E7EEC1C093954007C7A82 /* Catalogue.h */ = {isa = PBXFileReference; fileEncoding = 4; lastKnownFileType = sourcecode.c.h; path = Catalogue.h; sourceTree = "<group>"; };
		405E7EED1C093954007C7A82 /* Catalogue.m */ = {isa = PBXFileReference; fileEncoding = 4; lastKnownFileType = sourcecode.c.objc; path = Catalogue.m; sourceTree = "<group>"; };
		405E7EEE1C093954007C7A82 /* Song.h */ = {isa = PBXFileReference; fileEncoding = 4; lastKnownFileType = sourcecode.c.h; path = Song.h; sourceTree = "<group>"; };
		405E7EEF1C093954007C7A82 /* Song.m */ = {isa = PBXFileReference; fileEncoding = 4; lastKnownFileType = sourcecode.c.objc; path = Song.m; sourceTree = "<group>"; };
		405E7EF51C093987007C7A82 /* MZRelationalCollectionControllerArrayTest.m */ = {isa = PBXFileReference; fileEncoding = 4; lastKnownFileType = sourcecode.c.objc; path = MZRelationalCollectionControllerArrayTest.m; sourceTree = "<group>"; };
		405E7EF61C093987007C7A82 /* MZRelationalCollectionControllerTest.m */ = {isa = PBXFileReference; fileEncoding = 4; lastKnownFileType = sourcecode.c.objc; path = MZRelationalCollectionControllerTest.m; sourceTree = "<group>"; };
		50884B5C48A20BC948D3B8D2 /* LICENSE */ = {isa = PBXFileReference; includeInIndex = 1; lastKnownFileType = text; name = LICENSE; path = ../LICENSE; sourceTree = "<group>"; };
		6003F58A195388D20070C39A /* MZRelationalCollectionController_Example.app */ = {isa = PBXFileReference; explicitFileType = wrapper.application; includeInIndex = 0; path = MZRelationalCollectionController_Example.app; sourceTree = BUILT_PRODUCTS_DIR; };
		6003F58D195388D20070C39A /* Foundation.framework */ = {isa = PBXFileReference; lastKnownFileType = wrapper.framework; name = Foundation.framework; path = System/Library/Frameworks/Foundation.framework; sourceTree = SDKROOT; };
		6003F58F195388D20070C39A /* CoreGraphics.framework */ = {isa = PBXFileReference; lastKnownFileType = wrapper.framework; name = CoreGraphics.framework; path = System/Library/Frameworks/CoreGraphics.framework; sourceTree = SDKROOT; };
		6003F591195388D20070C39A /* UIKit.framework */ = {isa = PBXFileReference; lastKnownFileType = wrapper.framework; name = UIKit.framework; path = System/Library/Frameworks/UIKit.framework; sourceTree = SDKROOT; };
		6003F595195388D20070C39A /* MZRelationalCollectionController-Info.plist */ = {isa = PBXFileReference; lastKnownFileType = text.plist.xml; path = "MZRelationalCollectionController-Info.plist"; sourceTree = "<group>"; };
		6003F597195388D20070C39A /* en */ = {isa = PBXFileReference; lastKnownFileType = text.plist.strings; name = en; path = en.lproj/InfoPlist.strings; sourceTree = "<group>"; };
		6003F599195388D20070C39A /* main.m */ = {isa = PBXFileReference; lastKnownFileType = sourcecode.c.objc; path = main.m; sourceTree = "<group>"; };
		6003F59B195388D20070C39A /* MZRelationalCollectionController-Prefix.pch */ = {isa = PBXFileReference; lastKnownFileType = sourcecode.c.h; path = "MZRelationalCollectionController-Prefix.pch"; sourceTree = "<group>"; };
		6003F59C195388D20070C39A /* MZAppDelegate.h */ = {isa = PBXFileReference; lastKnownFileType = sourcecode.c.h; path = MZAppDelegate.h; sourceTree = "<group>"; };
		6003F59D195388D20070C39A /* MZAppDelegate.m */ = {isa = PBXFileReference; lastKnownFileType = sourcecode.c.objc; path = MZAppDelegate.m; sourceTree = "<group>"; };
		6003F5AE195388D20070C39A /* MZRelationalCollectionController_Tests.xctest */ = {isa = PBXFileReference; explicitFileType = wrapper.cfbundle; includeInIndex = 0; path = MZRelationalCollectionController_Tests.xctest; sourceTree = BUILT_PRODUCTS_DIR; };
		6003F5AF195388D20070C39A /* XCTest.framework */ = {isa = PBXFileReference; lastKnownFileType = wrapper.framework; name = XCTest.framework; path = Library/Frameworks/XCTest.framework; sourceTree = DEVELOPER_DIR; };
		6003F5B7195388D20070C39A /* Tests-Info.plist */ = {isa = PBXFileReference; lastKnownFileType = text.plist.xml; path = "Tests-Info.plist"; sourceTree = "<group>"; };
		6003F5B9195388D20070C39A /* en */ = {isa = PBXFileReference; lastKnownFileType = text.plist.strings; name = en; path = en.lproj/InfoPlist.strings; sourceTree = "<group>"; };
		606FC2411953D9B200FFA9A0 /* Tests-Prefix.pch */ = {isa = PBXFileReference; lastKnownFileType = sourcecode.c.h; path = "Tests-Prefix.pch"; sourceTree = "<group>"; };
		7146E4A7F66E9BD4CABE2FF4 /* Pods_MZRelationalCollectionController_Tests.framework */ = {isa = PBXFileReference; explicitFileType = wrapper.framework; includeInIndex = 0; path = Pods_MZRelationalCollectionController_Tests.framework; sourceTree = BUILT_PRODUCTS_DIR; };
		873B8AEA1B1F5CCA007FD442 /* Main.storyboard */ = {isa = PBXFileReference; fileEncoding = 4; lastKnownFileType = file.storyboard; path = Main.storyboard; sourceTree = "<group>"; };
		B12D08854AC796B917C78912 /* Pods_MZRelationalCollectionController_Example.framework */ = {isa = PBXFileReference; explicitFileType = wrapper.framework; includeInIndex = 0; path = Pods_MZRelationalCollectionController_Example.framework; sourceTree = BUILT_PRODUCTS_DIR; };
		CC4AEEDB223EAF6E908C1EDA /* MZRelationalCollectionController.podspec */ = {isa = PBXFileReference; includeInIndex = 1; lastKnownFileType = text; name = MZRelationalCollectionController.podspec; path = ../MZRelationalCollectionController.podspec; sourceTree = "<group>"; };
/* End PBXFileReference section */

/* Begin PBXFrameworksBuildPhase section */
		6003F587195388D20070C39A /* Frameworks */ = {
			isa = PBXFrameworksBuildPhase;
			buildActionMask = 2147483647;
			files = (
				6003F590195388D20070C39A /* CoreGraphics.framework in Frameworks */,
				6003F592195388D20070C39A /* UIKit.framework in Frameworks */,
				6003F58E195388D20070C39A /* Foundation.framework in Frameworks */,
				AF0D9EEA6841F53AA0990E3E /* Pods_MZRelationalCollectionController_Example.framework in Frameworks */,
			);
			runOnlyForDeploymentPostprocessing = 0;
		};
		6003F5AB195388D20070C39A /* Frameworks */ = {
			isa = PBXFrameworksBuildPhase;
			buildActionMask = 2147483647;
			files = (
				6003F5B0195388D20070C39A /* XCTest.framework in Frameworks */,
				6003F5B2195388D20070C39A /* UIKit.framework in Frameworks */,
				6003F5B1195388D20070C39A /* Foundation.framework in Frameworks */,
				703360CF5D5AD1192E6D04F0 /* Pods_MZRelationalCollectionController_Tests.framework in Frameworks */,
			);
			runOnlyForDeploymentPostprocessing = 0;
		};
/* End PBXFrameworksBuildPhase section */

/* Begin PBXGroup section */
		405E7ED21C09390E007C7A82 /* Controllers */ = {
			isa = PBXGroup;
			children = (
				405E7ED41C093943007C7A82 /* MZAlbumEditViewController.h */,
				405E7ED51C093943007C7A82 /* MZAlbumEditViewController.m */,
				405E7ED61C093943007C7A82 /* MZAlbumTableViewController.h */,
				405E7ED71C093943007C7A82 /* MZAlbumTableViewController.m */,
				405E7ED81C093943007C7A82 /* MZArtistEditViewController.h */,
				405E7ED91C093943007C7A82 /* MZArtistEditViewController.m */,
				405E7EDA1C093943007C7A82 /* MZArtistTableViewController.h */,
				405E7EDB1C093943007C7A82 /* MZArtistTableViewController.m */,
				405E7EDC1C093943007C7A82 /* MZCatalogueTableViewController.h */,
				405E7EDD1C093943007C7A82 /* MZCatalogueTableViewController.m */,
				405E7EDE1C093943007C7A82 /* MZTrackEditViewController.h */,
				405E7EDF1C093943007C7A82 /* MZTrackEditViewController.m */,
			);
			path = Controllers;
			sourceTree = "<group>";
		};
		405E7ED31C093924007C7A82 /* Models */ = {
			isa = PBXGroup;
			children = (
				405E7EE61C093954007C7A82 /* Album.h */,
				405E7EE71C093954007C7A82 /* Album.m */,
				405E7EE81C093954007C7A82 /* ArrayArtist.h */,
				405E7EE91C093954007C7A82 /* ArrayArtist.m */,
				405E7EEA1C093954007C7A82 /* Artist.h */,
				405E7EEB1C093954007C7A82 /* Artist.m */,
				405E7EEC1C093954007C7A82 /* Catalogue.h */,
				405E7EED1C093954007C7A82 /* Catalogue.m */,
				405E7EEE1C093954007C7A82 /* Song.h */,
				405E7EEF1C093954007C7A82 /* Song.m */,
			);
			path = Models;
			sourceTree = "<group>";
		};
		6003F581195388D10070C39A = {
			isa = PBXGroup;
			children = (
				60FF7A9C1954A5C5007DD14C /* Podspec Metadata */,
				6003F593195388D20070C39A /* Example for MZRelationalCollectionController */,
				6003F5B5195388D20070C39A /* Tests */,
				6003F58C195388D20070C39A /* Frameworks */,
				6003F58B195388D20070C39A /* Products */,
				D255031833AFDE501ABFC4E2 /* Pods */,
			);
			sourceTree = "<group>";
		};
		6003F58B195388D20070C39A /* Products */ = {
			isa = PBXGroup;
			children = (
				6003F58A195388D20070C39A /* MZRelationalCollectionController_Example.app */,
				6003F5AE195388D20070C39A /* MZRelationalCollectionController_Tests.xctest */,
			);
			name = Products;
			sourceTree = "<group>";
		};
		6003F58C195388D20070C39A /* Frameworks */ = {
			isa = PBXGroup;
			children = (
				6003F58D195388D20070C39A /* Foundation.framework */,
				6003F58F195388D20070C39A /* CoreGraphics.framework */,
				6003F591195388D20070C39A /* UIKit.framework */,
				6003F5AF195388D20070C39A /* XCTest.framework */,
				B12D08854AC796B917C78912 /* Pods_MZRelationalCollectionController_Example.framework */,
				7146E4A7F66E9BD4CABE2FF4 /* Pods_MZRelationalCollectionController_Tests.framework */,
			);
			name = Frameworks;
			sourceTree = "<group>";
		};
		6003F593195388D20070C39A /* Example for MZRelationalCollectionController */ = {
			isa = PBXGroup;
			children = (
				405E7ED31C093924007C7A82 /* Models */,
				405E7ED21C09390E007C7A82 /* Controllers */,
				6003F59C195388D20070C39A /* MZAppDelegate.h */,
				6003F59D195388D20070C39A /* MZAppDelegate.m */,
				873B8AEA1B1F5CCA007FD442 /* Main.storyboard */,
				6003F594195388D20070C39A /* Supporting Files */,
			);
			name = "Example for MZRelationalCollectionController";
			path = MZRelationalCollectionController;
			sourceTree = "<group>";
		};
		6003F594195388D20070C39A /* Supporting Files */ = {
			isa = PBXGroup;
			children = (
				6003F595195388D20070C39A /* MZRelationalCollectionController-Info.plist */,
				6003F596195388D20070C39A /* InfoPlist.strings */,
				6003F599195388D20070C39A /* main.m */,
				6003F59B195388D20070C39A /* MZRelationalCollectionController-Prefix.pch */,
			);
			name = "Supporting Files";
			sourceTree = "<group>";
		};
		6003F5B5195388D20070C39A /* Tests */ = {
			isa = PBXGroup;
			children = (
				405E7EF51C093987007C7A82 /* MZRelationalCollectionControllerArrayTest.m */,
				405E7EF61C093987007C7A82 /* MZRelationalCollectionControllerTest.m */,
				6003F5B6195388D20070C39A /* Supporting Files */,
			);
			path = Tests;
			sourceTree = "<group>";
		};
		6003F5B6195388D20070C39A /* Supporting Files */ = {
			isa = PBXGroup;
			children = (
				6003F5B7195388D20070C39A /* Tests-Info.plist */,
				6003F5B8195388D20070C39A /* InfoPlist.strings */,
				606FC2411953D9B200FFA9A0 /* Tests-Prefix.pch */,
			);
			name = "Supporting Files";
			sourceTree = "<group>";
		};
		60FF7A9C1954A5C5007DD14C /* Podspec Metadata */ = {
			isa = PBXGroup;
			children = (
				CC4AEEDB223EAF6E908C1EDA /* MZRelationalCollectionController.podspec */,
				2A587B5EB82D84CD6B3590CA /* README.md */,
				50884B5C48A20BC948D3B8D2 /* LICENSE */,
			);
			name = "Podspec Metadata";
			sourceTree = "<group>";
		};
		D255031833AFDE501ABFC4E2 /* Pods */ = {
			isa = PBXGroup;
			children = (
				17B36385F072211F35406D17 /* Pods-MZRelationalCollectionController_Example.debug.xcconfig */,
				057980F266C82F2A61869204 /* Pods-MZRelationalCollectionController_Example.release.xcconfig */,
				178A68AE123DF5C92F915E6C /* Pods-MZRelationalCollectionController_Tests.debug.xcconfig */,
				0574C2FCD1DED6DC9F074CE4 /* Pods-MZRelationalCollectionController_Tests.release.xcconfig */,
			);
			name = Pods;
			sourceTree = "<group>";
		};
/* End PBXGroup section */

/* Begin PBXNativeTarget section */
		6003F589195388D20070C39A /* MZRelationalCollectionController_Example */ = {
			isa = PBXNativeTarget;
			buildConfigurationList = 6003F5BF195388D20070C39A /* Build configuration list for PBXNativeTarget "MZRelationalCollectionController_Example" */;
			buildPhases = (
				4DFF39DFBEEB973ECBA20ACE /* Check Pods Manifest.lock */,
				6003F586195388D20070C39A /* Sources */,
				6003F587195388D20070C39A /* Frameworks */,
				6003F588195388D20070C39A /* Resources */,
				B96F9D6B025A9B41F61F0900 /* Embed Pods Frameworks */,
				64C185CA18C9AF88C6B72E71 /* Copy Pods Resources */,
			);
			buildRules = (
			);
			dependencies = (
			);
			name = MZRelationalCollectionController_Example;
			productName = MZRelationalCollectionController;
			productReference = 6003F58A195388D20070C39A /* MZRelationalCollectionController_Example.app */;
			productType = "com.apple.product-type.application";
		};
		6003F5AD195388D20070C39A /* MZRelationalCollectionController_Tests */ = {
			isa = PBXNativeTarget;
			buildConfigurationList = 6003F5C2195388D20070C39A /* Build configuration list for PBXNativeTarget "MZRelationalCollectionController_Tests" */;
			buildPhases = (
				9F80B2F96646D85607831A68 /* Check Pods Manifest.lock */,
				6003F5AA195388D20070C39A /* Sources */,
				6003F5AB195388D20070C39A /* Frameworks */,
				6003F5AC195388D20070C39A /* Resources */,
				E02533482584C9B6943D4C93 /* Embed Pods Frameworks */,
				052BCA475225D137F27CF0C5 /* Copy Pods Resources */,
			);
			buildRules = (
			);
			dependencies = (
				6003F5B4195388D20070C39A /* PBXTargetDependency */,
			);
			name = MZRelationalCollectionController_Tests;
			productName = MZRelationalCollectionControllerTests;
			productReference = 6003F5AE195388D20070C39A /* MZRelationalCollectionController_Tests.xctest */;
			productType = "com.apple.product-type.bundle.unit-test";
		};
/* End PBXNativeTarget section */

/* Begin PBXProject section */
		6003F582195388D10070C39A /* Project object */ = {
			isa = PBXProject;
			attributes = {
				CLASSPREFIX = MZ;
				LastUpgradeCheck = 0510;
				ORGANIZATIONNAME = "Mat Trudel";
				TargetAttributes = {
					6003F5AD195388D20070C39A = {
						TestTargetID = 6003F589195388D20070C39A;
					};
				};
			};
			buildConfigurationList = 6003F585195388D10070C39A /* Build configuration list for PBXProject "MZRelationalCollectionController" */;
			compatibilityVersion = "Xcode 3.2";
			developmentRegion = English;
			hasScannedForEncodings = 0;
			knownRegions = (
				en,
				Base,
			);
			mainGroup = 6003F581195388D10070C39A;
			productRefGroup = 6003F58B195388D20070C39A /* Products */;
			projectDirPath = "";
			projectRoot = "";
			targets = (
				6003F589195388D20070C39A /* MZRelationalCollectionController_Example */,
				6003F5AD195388D20070C39A /* MZRelationalCollectionController_Tests */,
			);
		};
/* End PBXProject section */

/* Begin PBXResourcesBuildPhase section */
		6003F588195388D20070C39A /* Resources */ = {
			isa = PBXResourcesBuildPhase;
			buildActionMask = 2147483647;
			files = (
				873B8AEB1B1F5CCA007FD442 /* Main.storyboard in Resources */,
				6003F598195388D20070C39A /* InfoPlist.strings in Resources */,
			);
			runOnlyForDeploymentPostprocessing = 0;
		};
		6003F5AC195388D20070C39A /* Resources */ = {
			isa = PBXResourcesBuildPhase;
			buildActionMask = 2147483647;
			files = (
				6003F5BA195388D20070C39A /* InfoPlist.strings in Resources */,
			);
			runOnlyForDeploymentPostprocessing = 0;
		};
/* End PBXResourcesBuildPhase section */

/* Begin PBXShellScriptBuildPhase section */
		052BCA475225D137F27CF0C5 /* Copy Pods Resources */ = {
			isa = PBXShellScriptBuildPhase;
			buildActionMask = 2147483647;
			files = (
			);
			inputPaths = (
			);
			name = "Copy Pods Resources";
			outputPaths = (
			);
			runOnlyForDeploymentPostprocessing = 0;
			shellPath = /bin/sh;
			shellScript = "\"${SRCROOT}/Pods/Target Support Files/Pods-MZRelationalCollectionController_Tests/Pods-MZRelationalCollectionController_Tests-resources.sh\"\n";
			showEnvVarsInLog = 0;
		};
		4DFF39DFBEEB973ECBA20ACE /* Check Pods Manifest.lock */ = {
			isa = PBXShellScriptBuildPhase;
			buildActionMask = 2147483647;
			files = (
			);
			inputPaths = (
			);
			name = "Check Pods Manifest.lock";
			outputPaths = (
			);
			runOnlyForDeploymentPostprocessing = 0;
			shellPath = /bin/sh;
			shellScript = "diff \"${PODS_ROOT}/../Podfile.lock\" \"${PODS_ROOT}/Manifest.lock\" > /dev/null\nif [[ $? != 0 ]] ; then\n    cat << EOM\nerror: The sandbox is not in sync with the Podfile.lock. Run 'pod install' or update your CocoaPods installation.\nEOM\n    exit 1\nfi\n";
			showEnvVarsInLog = 0;
		};
		64C185CA18C9AF88C6B72E71 /* Copy Pods Resources */ = {
			isa = PBXShellScriptBuildPhase;
			buildActionMask = 2147483647;
			files = (
			);
			inputPaths = (
			);
			name = "Copy Pods Resources";
			outputPaths = (
			);
			runOnlyForDeploymentPostprocessing = 0;
			shellPath = /bin/sh;
			shellScript = "\"${SRCROOT}/Pods/Target Support Files/Pods-MZRelationalCollectionController_Example/Pods-MZRelationalCollectionController_Example-resources.sh\"\n";
			showEnvVarsInLog = 0;
		};
		9F80B2F96646D85607831A68 /* Check Pods Manifest.lock */ = {
			isa = PBXShellScriptBuildPhase;
			buildActionMask = 2147483647;
			files = (
			);
			inputPaths = (
			);
			name = "Check Pods Manifest.lock";
			outputPaths = (
			);
			runOnlyForDeploymentPostprocessing = 0;
			shellPath = /bin/sh;
			shellScript = "diff \"${PODS_ROOT}/../Podfile.lock\" \"${PODS_ROOT}/Manifest.lock\" > /dev/null\nif [[ $? != 0 ]] ; then\n    cat << EOM\nerror: The sandbox is not in sync with the Podfile.lock. Run 'pod install' or update your CocoaPods installation.\nEOM\n    exit 1\nfi\n";
			showEnvVarsInLog = 0;
		};
		B96F9D6B025A9B41F61F0900 /* Embed Pods Frameworks */ = {
			isa = PBXShellScriptBuildPhase;
			buildActionMask = 2147483647;
			files = (
			);
			inputPaths = (
			);
			name = "Embed Pods Frameworks";
			outputPaths = (
			);
			runOnlyForDeploymentPostprocessing = 0;
			shellPath = /bin/sh;
			shellScript = "\"${SRCROOT}/Pods/Target Support Files/Pods-MZRelationalCollectionController_Example/Pods-MZRelationalCollectionController_Example-frameworks.sh\"\n";
			showEnvVarsInLog = 0;
		};
		E02533482584C9B6943D4C93 /* Embed Pods Frameworks */ = {
			isa = PBXShellScriptBuildPhase;
			buildActionMask = 2147483647;
			files = (
			);
			inputPaths = (
			);
			name = "Embed Pods Frameworks";
			outputPaths = (
			);
			runOnlyForDeploymentPostprocessing = 0;
			shellPath = /bin/sh;
			shellScript = "\"${SRCROOT}/Pods/Target Support Files/Pods-MZRelationalCollectionController_Tests/Pods-MZRelationalCollectionController_Tests-frameworks.sh\"\n";
			showEnvVarsInLog = 0;
		};
/* End PBXShellScriptBuildPhase section */

/* Begin PBXSourcesBuildPhase section */
		6003F586195388D20070C39A /* Sources */ = {
			isa = PBXSourcesBuildPhase;
			buildActionMask = 2147483647;
			files = (
				405E7EF41C093954007C7A82 /* Song.m in Sources */,
				405E7EF11C093954007C7A82 /* ArrayArtist.m in Sources */,
				405E7EE21C093943007C7A82 /* MZArtistEditViewController.m in Sources */,
				6003F59E195388D20070C39A /* MZAppDelegate.m in Sources */,
				405E7EE41C093943007C7A82 /* MZCatalogueTableViewController.m in Sources */,
				405E7EF21C093954007C7A82 /* Artist.m in Sources */,
				405E7EE01C093943007C7A82 /* MZAlbumEditViewController.m in Sources */,
				405E7EE31C093943007C7A82 /* MZArtistTableViewController.m in Sources */,
				405E7EF31C093954007C7A82 /* Catalogue.m in Sources */,
				405E7EE11C093943007C7A82 /* MZAlbumTableViewController.m in Sources */,
				405E7EF01C093954007C7A82 /* Album.m in Sources */,
				6003F59A195388D20070C39A /* main.m in Sources */,
				405E7EE51C093943007C7A82 /* MZTrackEditViewController.m in Sources */,
			);
			runOnlyForDeploymentPostprocessing = 0;
		};
		6003F5AA195388D20070C39A /* Sources */ = {
			isa = PBXSourcesBuildPhase;
			buildActionMask = 2147483647;
			files = (
				405E7EF91C093990007C7A82 /* MZRelationalCollectionControllerArrayTest.m in Sources */,
				405E7EFA1C093990007C7A82 /* MZRelationalCollectionControllerTest.m in Sources */,
			);
			runOnlyForDeploymentPostprocessing = 0;
		};
/* End PBXSourcesBuildPhase section */

/* Begin PBXTargetDependency section */
		6003F5B4195388D20070C39A /* PBXTargetDependency */ = {
			isa = PBXTargetDependency;
			target = 6003F589195388D20070C39A /* MZRelationalCollectionController_Example */;
			targetProxy = 6003F5B3195388D20070C39A /* PBXContainerItemProxy */;
		};
/* End PBXTargetDependency section */

/* Begin PBXVariantGroup section */
		6003F596195388D20070C39A /* InfoPlist.strings */ = {
			isa = PBXVariantGroup;
			children = (
				6003F597195388D20070C39A /* en */,
			);
			name = InfoPlist.strings;
			sourceTree = "<group>";
		};
		6003F5B8195388D20070C39A /* InfoPlist.strings */ = {
			isa = PBXVariantGroup;
			children = (
				6003F5B9195388D20070C39A /* en */,
			);
			name = InfoPlist.strings;
			sourceTree = "<group>";
		};
/* End PBXVariantGroup section */

/* Begin XCBuildConfiguration section */
		6003F5BD195388D20070C39A /* Debug */ = {
			isa = XCBuildConfiguration;
			buildSettings = {
				ALWAYS_SEARCH_USER_PATHS = NO;
				CLANG_CXX_LANGUAGE_STANDARD = "gnu++0x";
				CLANG_CXX_LIBRARY = "libc++";
				CLANG_ENABLE_MODULES = YES;
				CLANG_ENABLE_OBJC_ARC = YES;
				CLANG_WARN_BOOL_CONVERSION = YES;
				CLANG_WARN_CONSTANT_CONVERSION = YES;
				CLANG_WARN_DIRECT_OBJC_ISA_USAGE = YES_ERROR;
				CLANG_WARN_EMPTY_BODY = YES;
				CLANG_WARN_ENUM_CONVERSION = YES;
				CLANG_WARN_INT_CONVERSION = YES;
				CLANG_WARN_OBJC_ROOT_CLASS = YES_ERROR;
				CLANG_WARN__DUPLICATE_METHOD_MATCH = YES;
				"CODE_SIGN_IDENTITY[sdk=iphoneos*]" = "iPhone Developer";
				COPY_PHASE_STRIP = NO;
				GCC_C_LANGUAGE_STANDARD = gnu99;
				GCC_DYNAMIC_NO_PIC = NO;
				GCC_OPTIMIZATION_LEVEL = 0;
				GCC_PREPROCESSOR_DEFINITIONS = (
					"DEBUG=1",
					"$(inherited)",
				);
				GCC_SYMBOLS_PRIVATE_EXTERN = NO;
				GCC_WARN_64_TO_32_BIT_CONVERSION = YES;
				GCC_WARN_ABOUT_RETURN_TYPE = YES_ERROR;
				GCC_WARN_UNDECLARED_SELECTOR = YES;
				GCC_WARN_UNINITIALIZED_AUTOS = YES_AGGRESSIVE;
				GCC_WARN_UNUSED_FUNCTION = YES;
				GCC_WARN_UNUSED_VARIABLE = YES;
				IPHONEOS_DEPLOYMENT_TARGET = 8.4;
				ONLY_ACTIVE_ARCH = YES;
				SDKROOT = iphoneos;
				TARGETED_DEVICE_FAMILY = "1,2";
			};
			name = Debug;
		};
		6003F5BE195388D20070C39A /* Release */ = {
			isa = XCBuildConfiguration;
			buildSettings = {
				ALWAYS_SEARCH_USER_PATHS = NO;
				CLANG_CXX_LANGUAGE_STANDARD = "gnu++0x";
				CLANG_CXX_LIBRARY = "libc++";
				CLANG_ENABLE_MODULES = YES;
				CLANG_ENABLE_OBJC_ARC = YES;
				CLANG_WARN_BOOL_CONVERSION = YES;
				CLANG_WARN_CONSTANT_CONVERSION = YES;
				CLANG_WARN_DIRECT_OBJC_ISA_USAGE = YES_ERROR;
				CLANG_WARN_EMPTY_BODY = YES;
				CLANG_WARN_ENUM_CONVERSION = YES;
				CLANG_WARN_INT_CONVERSION = YES;
				CLANG_WARN_OBJC_ROOT_CLASS = YES_ERROR;
				CLANG_WARN__DUPLICATE_METHOD_MATCH = YES;
				"CODE_SIGN_IDENTITY[sdk=iphoneos*]" = "iPhone Developer";
				COPY_PHASE_STRIP = YES;
				ENABLE_NS_ASSERTIONS = NO;
				GCC_C_LANGUAGE_STANDARD = gnu99;
				GCC_WARN_64_TO_32_BIT_CONVERSION = YES;
				GCC_WARN_ABOUT_RETURN_TYPE = YES_ERROR;
				GCC_WARN_UNDECLARED_SELECTOR = YES;
				GCC_WARN_UNINITIALIZED_AUTOS = YES_AGGRESSIVE;
				GCC_WARN_UNUSED_FUNCTION = YES;
				GCC_WARN_UNUSED_VARIABLE = YES;
				IPHONEOS_DEPLOYMENT_TARGET = 8.4;
				SDKROOT = iphoneos;
				TARGETED_DEVICE_FAMILY = "1,2";
				VALIDATE_PRODUCT = YES;
			};
			name = Release;
		};
		6003F5C0195388D20070C39A /* Debug */ = {
			isa = XCBuildConfiguration;
			baseConfigurationReference = 17B36385F072211F35406D17 /* Pods-MZRelationalCollectionController_Example.debug.xcconfig */;
			buildSettings = {
				ASSETCATALOG_COMPILER_APPICON_NAME = AppIcon;
				ASSETCATALOG_COMPILER_LAUNCHIMAGE_NAME = LaunchImage;
				GCC_PRECOMPILE_PREFIX_HEADER = YES;
				GCC_PREFIX_HEADER = "MZRelationalCollectionController/MZRelationalCollectionController-Prefix.pch";
				INFOPLIST_FILE = "MZRelationalCollectionController/MZRelationalCollectionController-Info.plist";
				MODULE_NAME = ExampleApp;
				PRODUCT_NAME = "$(TARGET_NAME)";
				WRAPPER_EXTENSION = app;
			};
			name = Debug;
		};
		6003F5C1195388D20070C39A /* Release */ = {
			isa = XCBuildConfiguration;
			baseConfigurationReference = 057980F266C82F2A61869204 /* Pods-MZRelationalCollectionController_Example.release.xcconfig */;
			buildSettings = {
				ASSETCATALOG_COMPILER_APPICON_NAME = AppIcon;
				ASSETCATALOG_COMPILER_LAUNCHIMAGE_NAME = LaunchImage;
				GCC_PRECOMPILE_PREFIX_HEADER = YES;
				GCC_PREFIX_HEADER = "MZRelationalCollectionController/MZRelationalCollectionController-Prefix.pch";
				INFOPLIST_FILE = "MZRelationalCollectionController/MZRelationalCollectionController-Info.plist";
				MODULE_NAME = ExampleApp;
				PRODUCT_NAME = "$(TARGET_NAME)";
				WRAPPER_EXTENSION = app;
			};
			name = Release;
		};
		6003F5C3195388D20070C39A /* Debug */ = {
			isa = XCBuildConfiguration;
			baseConfigurationReference = 178A68AE123DF5C92F915E6C /* Pods-MZRelationalCollectionController_Tests.debug.xcconfig */;
			buildSettings = {
				BUNDLE_LOADER = "$(TEST_HOST)";
				FRAMEWORK_SEARCH_PATHS = (
					"$(SDKROOT)/Developer/Library/Frameworks",
					"$(inherited)",
					"$(DEVELOPER_FRAMEWORKS_DIR)",
				);
				GCC_PRECOMPILE_PREFIX_HEADER = YES;
				GCC_PREFIX_HEADER = "Tests/Tests-Prefix.pch";
				GCC_PREPROCESSOR_DEFINITIONS = (
					"DEBUG=1",
					"$(inherited)",
				);
				INFOPLIST_FILE = "Tests/Tests-Info.plist";
				PRODUCT_NAME = "$(TARGET_NAME)";
				TEST_HOST = "$(BUILT_PRODUCTS_DIR)/MZRelationalCollectionController_Example.app/MZRelationalCollectionController_Example";
				WRAPPER_EXTENSION = xctest;
			};
			name = Debug;
		};
		6003F5C4195388D20070C39A /* Release */ = {
			isa = XCBuildConfiguration;
			baseConfigurationReference = 0574C2FCD1DED6DC9F074CE4 /* Pods-MZRelationalCollectionController_Tests.release.xcconfig */;
			buildSettings = {
				BUNDLE_LOADER = "$(TEST_HOST)";
				FRAMEWORK_SEARCH_PATHS = (
					"$(SDKROOT)/Developer/Library/Frameworks",
					"$(inherited)",
					"$(DEVELOPER_FRAMEWORKS_DIR)",
				);
				GCC_PRECOMPILE_PREFIX_HEADER = YES;
				GCC_PREFIX_HEADER = "Tests/Tests-Prefix.pch";
				INFOPLIST_FILE = "Tests/Tests-Info.plist";
				PRODUCT_NAME = "$(TARGET_NAME)";
				TEST_HOST = "$(BUILT_PRODUCTS_DIR)/MZRelationalCollectionController_Example.app/MZRelationalCollectionController_Example";
				WRAPPER_EXTENSION = xctest;
			};
			name = Release;
		};
/* End XCBuildConfiguration section */

/* Begin XCConfigurationList section */
		6003F585195388D10070C39A /* Build configuration list for PBXProject "MZRelationalCollectionController" */ = {
			isa = XCConfigurationList;
			buildConfigurations = (
				6003F5BD195388D20070C39A /* Debug */,
				6003F5BE195388D20070C39A /* Release */,
			);
			defaultConfigurationIsVisible = 0;
			defaultConfigurationName = Release;
		};
		6003F5BF195388D20070C39A /* Build configuration list for PBXNativeTarget "MZRelationalCollectionController_Example" */ = {
			isa = XCConfigurationList;
			buildConfigurations = (
				6003F5C0195388D20070C39A /* Debug */,
				6003F5C1195388D20070C39A /* Release */,
			);
			defaultConfigurationIsVisible = 0;
			defaultConfigurationName = Release;
		};
		6003F5C2195388D20070C39A /* Build configuration list for PBXNativeTarget "MZRelationalCollectionController_Tests" */ = {
			isa = XCConfigurationList;
			buildConfigurations = (
				6003F5C3195388D20070C39A /* Debug */,
				6003F5C4195388D20070C39A /* Release */,
			);
			defaultConfigurationIsVisible = 0;
			defaultConfigurationName = Release;
		};
/* End XCConfigurationList section */
	};
	rootObject = 6003F582195388D10070C39A /* Project object */;
}
